
Microsoft Visual Studio Solution File, Format Version 12.00
# Visual Studio 2013
VisualStudioVersion = 12.0.21005.1
MinimumVisualStudioVersion = 10.0.40219.1
Project("{8BC9CEB8-8B4A-11D0-8D11-00A0C91BC942}") = "FaceRecognition", "FaceRecognition\ConsoleApplication1.vcxproj", "{EBF5723A-1E6C-4CB3-A4D8-957E6F1FE1B7}"
EndProject
Project("{8BC9CEB8-8B4A-11D0-8D11-00A0C91BC942}") = "Test", "sample\Test-cam\Test.vcxproj", "{B1BCB579-2A09-425A-B30F-15A8B2ED2F62}"
EndProject
Project("{8BC9CEB8-8B4A-11D0-8D11-00A0C91BC942}") = "THDetectDemo", "sample\PhotoCompare\THDetectDemo\THDetectDemo.vcxproj", "{9F5EF5C3-5484-44E4-AC13-BB4B22DE3735}"
EndProject
Project("{8BC9CEB8-8B4A-11D0-8D11-00A0C91BC942}") = "FaceAttendServer", "sample\FaceVerify1024-768\NVL-TEST.vcxproj", "{22D8896E-1206-470A-A9D6-54FC4239C0E6}"
EndProject
Project("{8BC9CEB8-8B4A-11D0-8D11-00A0C91BC942}") = "FaceRecognitionSerV", "FaceRecognitionSerV\FaceRecognitionSerV.vcxproj", "{C513C3B4-61F0-4C8E-8781-696108936122}"
EndProject
Project("{2150E333-8FDC-42A3-9474-1A3956D46DE8}") = "Solution Items", "Solution Items", "{DD2E5465-6604-4FB1-8B92-D771F037351E}"
EndProject
Project("{8BC9CEB8-8B4A-11D0-8D11-00A0C91BC942}") = "TestSuite", "FaceRecognition\testsuite\TestSuite_vs120.vcxproj", "{D5EFBF27-B934-4B8D-8AE5-6EC00374819C}"
EndProject
Global
	GlobalSection(SolutionConfigurationPlatforms) = preSolution
		debug_shared|Win32 = debug_shared|Win32
		debug_shared|x64 = debug_shared|x64
		debug_static_md|Win32 = debug_static_md|Win32
		debug_static_md|x64 = debug_static_md|x64
		debug_static_mt|Win32 = debug_static_mt|Win32
		debug_static_mt|x64 = debug_static_mt|x64
		Debug|Win32 = Debug|Win32
		Debug|x64 = Debug|x64
		release_shared|Win32 = release_shared|Win32
		release_shared|x64 = release_shared|x64
		release_static_md|Win32 = release_static_md|Win32
		release_static_md|x64 = release_static_md|x64
		release_static_mt|Win32 = release_static_mt|Win32
		release_static_mt|x64 = release_static_mt|x64
		Release|Win32 = Release|Win32
		Release|x64 = Release|x64
	EndGlobalSection
	GlobalSection(ProjectConfigurationPlatforms) = postSolution
		{EBF5723A-1E6C-4CB3-A4D8-957E6F1FE1B7}.debug_shared|Win32.ActiveCfg = Debug|Win32
		{EBF5723A-1E6C-4CB3-A4D8-957E6F1FE1B7}.debug_shared|Win32.Build.0 = Debug|Win32
		{EBF5723A-1E6C-4CB3-A4D8-957E6F1FE1B7}.debug_shared|x64.ActiveCfg = Debug|Win32
		{EBF5723A-1E6C-4CB3-A4D8-957E6F1FE1B7}.debug_static_md|Win32.ActiveCfg = Debug|Win32
		{EBF5723A-1E6C-4CB3-A4D8-957E6F1FE1B7}.debug_static_md|Win32.Build.0 = Debug|Win32
		{EBF5723A-1E6C-4CB3-A4D8-957E6F1FE1B7}.debug_static_md|x64.ActiveCfg = Debug|Win32
		{EBF5723A-1E6C-4CB3-A4D8-957E6F1FE1B7}.debug_static_mt|Win32.ActiveCfg = Debug|Win32
		{EBF5723A-1E6C-4CB3-A4D8-957E6F1FE1B7}.debug_static_mt|Win32.Build.0 = Debug|Win32
		{EBF5723A-1E6C-4CB3-A4D8-957E6F1FE1B7}.debug_static_mt|x64.ActiveCfg = Debug|Win32
		{EBF5723A-1E6C-4CB3-A4D8-957E6F1FE1B7}.Debug|Win32.ActiveCfg = Debug|Win32
		{EBF5723A-1E6C-4CB3-A4D8-957E6F1FE1B7}.Debug|Win32.Build.0 = Debug|Win32
		{EBF5723A-1E6C-4CB3-A4D8-957E6F1FE1B7}.Debug|x64.ActiveCfg = Debug|Win32
		{EBF5723A-1E6C-4CB3-A4D8-957E6F1FE1B7}.release_shared|Win32.ActiveCfg = Release|Win32
		{EBF5723A-1E6C-4CB3-A4D8-957E6F1FE1B7}.release_shared|Win32.Build.0 = Release|Win32
		{EBF5723A-1E6C-4CB3-A4D8-957E6F1FE1B7}.release_shared|x64.ActiveCfg = Release|Win32
		{EBF5723A-1E6C-4CB3-A4D8-957E6F1FE1B7}.release_static_md|Win32.ActiveCfg = Release|Win32
		{EBF5723A-1E6C-4CB3-A4D8-957E6F1FE1B7}.release_static_md|Win32.Build.0 = Release|Win32
		{EBF5723A-1E6C-4CB3-A4D8-957E6F1FE1B7}.release_static_md|x64.ActiveCfg = Release|Win32
		{EBF5723A-1E6C-4CB3-A4D8-957E6F1FE1B7}.release_static_mt|Win32.ActiveCfg = Release|Win32
		{EBF5723A-1E6C-4CB3-A4D8-957E6F1FE1B7}.release_static_mt|Win32.Build.0 = Release|Win32
		{EBF5723A-1E6C-4CB3-A4D8-957E6F1FE1B7}.release_static_mt|x64.ActiveCfg = Release|Win32
		{EBF5723A-1E6C-4CB3-A4D8-957E6F1FE1B7}.Release|Win32.ActiveCfg = Release|Win32
		{EBF5723A-1E6C-4CB3-A4D8-957E6F1FE1B7}.Release|Win32.Build.0 = Release|Win32
		{EBF5723A-1E6C-4CB3-A4D8-957E6F1FE1B7}.Release|x64.ActiveCfg = Release|Win32
		{B1BCB579-2A09-425A-B30F-15A8B2ED2F62}.debug_shared|Win32.ActiveCfg = Debug|Win32
		{B1BCB579-2A09-425A-B30F-15A8B2ED2F62}.debug_shared|Win32.Build.0 = Debug|Win32
		{B1BCB579-2A09-425A-B30F-15A8B2ED2F62}.debug_shared|x64.ActiveCfg = Debug|Win32
		{B1BCB579-2A09-425A-B30F-15A8B2ED2F62}.debug_static_md|Win32.ActiveCfg = Debug|Win32
		{B1BCB579-2A09-425A-B30F-15A8B2ED2F62}.debug_static_md|Win32.Build.0 = Debug|Win32
		{B1BCB579-2A09-425A-B30F-15A8B2ED2F62}.debug_static_md|x64.ActiveCfg = Debug|Win32
		{B1BCB579-2A09-425A-B30F-15A8B2ED2F62}.debug_static_mt|Win32.ActiveCfg = Debug|Win32
		{B1BCB579-2A09-425A-B30F-15A8B2ED2F62}.debug_static_mt|Win32.Build.0 = Debug|Win32
		{B1BCB579-2A09-425A-B30F-15A8B2ED2F62}.debug_static_mt|x64.ActiveCfg = Debug|Win32
		{B1BCB579-2A09-425A-B30F-15A8B2ED2F62}.Debug|Win32.ActiveCfg = Debug|Win32
		{B1BCB579-2A09-425A-B30F-15A8B2ED2F62}.Debug|x64.ActiveCfg = Debug|Win32
		{B1BCB579-2A09-425A-B30F-15A8B2ED2F62}.release_shared|Win32.ActiveCfg = Release|Win32
		{B1BCB579-2A09-425A-B30F-15A8B2ED2F62}.release_shared|Win32.Build.0 = Release|Win32
		{B1BCB579-2A09-425A-B30F-15A8B2ED2F62}.release_shared|x64.ActiveCfg = Release|Win32
		{B1BCB579-2A09-425A-B30F-15A8B2ED2F62}.release_static_md|Win32.ActiveCfg = Release|Win32
		{B1BCB579-2A09-425A-B30F-15A8B2ED2F62}.release_static_md|Win32.Build.0 = Release|Win32
		{B1BCB579-2A09-425A-B30F-15A8B2ED2F62}.release_static_md|x64.ActiveCfg = Release|Win32
		{B1BCB579-2A09-425A-B30F-15A8B2ED2F62}.release_static_mt|Win32.ActiveCfg = Release|Win32
		{B1BCB579-2A09-425A-B30F-15A8B2ED2F62}.release_static_mt|Win32.Build.0 = Release|Win32
		{B1BCB579-2A09-425A-B30F-15A8B2ED2F62}.release_static_mt|x64.ActiveCfg = Release|Win32
		{B1BCB579-2A09-425A-B30F-15A8B2ED2F62}.Release|Win32.ActiveCfg = Release|Win32
		{B1BCB579-2A09-425A-B30F-15A8B2ED2F62}.Release|Win32.Build.0 = Release|Win32
		{B1BCB579-2A09-425A-B30F-15A8B2ED2F62}.Release|x64.ActiveCfg = Release|Win32
		{9F5EF5C3-5484-44E4-AC13-BB4B22DE3735}.debug_shared|Win32.ActiveCfg = Debug|Win32
		{9F5EF5C3-5484-44E4-AC13-BB4B22DE3735}.debug_shared|Win32.Build.0 = Debug|Win32
		{9F5EF5C3-5484-44E4-AC13-BB4B22DE3735}.debug_shared|x64.ActiveCfg = Debug|Win32
		{9F5EF5C3-5484-44E4-AC13-BB4B22DE3735}.debug_static_md|Win32.ActiveCfg = Debug|Win32
		{9F5EF5C3-5484-44E4-AC13-BB4B22DE3735}.debug_static_md|Win32.Build.0 = Debug|Win32
		{9F5EF5C3-5484-44E4-AC13-BB4B22DE3735}.debug_static_md|x64.ActiveCfg = Debug|Win32
		{9F5EF5C3-5484-44E4-AC13-BB4B22DE3735}.debug_static_mt|Win32.ActiveCfg = Debug|Win32
		{9F5EF5C3-5484-44E4-AC13-BB4B22DE3735}.debug_static_mt|Win32.Build.0 = Debug|Win32
		{9F5EF5C3-5484-44E4-AC13-BB4B22DE3735}.debug_static_mt|x64.ActiveCfg = Debug|Win32
		{9F5EF5C3-5484-44E4-AC13-BB4B22DE3735}.Debug|Win32.ActiveCfg = Debug|Win32
		{9F5EF5C3-5484-44E4-AC13-BB4B22DE3735}.Debug|x64.ActiveCfg = Debug|Win32
		{9F5EF5C3-5484-44E4-AC13-BB4B22DE3735}.release_shared|Win32.ActiveCfg = Release|Win32
		{9F5EF5C3-5484-44E4-AC13-BB4B22DE3735}.release_shared|Win32.Build.0 = Release|Win32
		{9F5EF5C3-5484-44E4-AC13-BB4B22DE3735}.release_shared|x64.ActiveCfg = Release|Win32
		{9F5EF5C3-5484-44E4-AC13-BB4B22DE3735}.release_static_md|Win32.ActiveCfg = Release|Win32
		{9F5EF5C3-5484-44E4-AC13-BB4B22DE3735}.release_static_md|Win32.Build.0 = Release|Win32
		{9F5EF5C3-5484-44E4-AC13-BB4B22DE3735}.release_static_md|x64.ActiveCfg = Release|Win32
		{9F5EF5C3-5484-44E4-AC13-BB4B22DE3735}.release_static_mt|Win32.ActiveCfg = Release|Win32
		{9F5EF5C3-5484-44E4-AC13-BB4B22DE3735}.release_static_mt|Win32.Build.0 = Release|Win32
		{9F5EF5C3-5484-44E4-AC13-BB4B22DE3735}.release_static_mt|x64.ActiveCfg = Release|Win32
		{9F5EF5C3-5484-44E4-AC13-BB4B22DE3735}.Release|Win32.ActiveCfg = Release|Win32
		{9F5EF5C3-5484-44E4-AC13-BB4B22DE3735}.Release|Win32.Build.0 = Release|Win32
		{9F5EF5C3-5484-44E4-AC13-BB4B22DE3735}.Release|x64.ActiveCfg = Release|Win32
		{22D8896E-1206-470A-A9D6-54FC4239C0E6}.debug_shared|Win32.ActiveCfg = Debug|Win32
		{22D8896E-1206-470A-A9D6-54FC4239C0E6}.debug_shared|Win32.Build.0 = Debug|Win32
		{22D8896E-1206-470A-A9D6-54FC4239C0E6}.debug_shared|x64.ActiveCfg = Debug|Win32
		{22D8896E-1206-470A-A9D6-54FC4239C0E6}.debug_static_md|Win32.ActiveCfg = Debug|Win32
		{22D8896E-1206-470A-A9D6-54FC4239C0E6}.debug_static_md|Win32.Build.0 = Debug|Win32
		{22D8896E-1206-470A-A9D6-54FC4239C0E6}.debug_static_md|x64.ActiveCfg = Debug|Win32
		{22D8896E-1206-470A-A9D6-54FC4239C0E6}.debug_static_mt|Win32.ActiveCfg = Debug|Win32
		{22D8896E-1206-470A-A9D6-54FC4239C0E6}.debug_static_mt|Win32.Build.0 = Debug|Win32
		{22D8896E-1206-470A-A9D6-54FC4239C0E6}.debug_static_mt|x64.ActiveCfg = Debug|Win32
		{22D8896E-1206-470A-A9D6-54FC4239C0E6}.Debug|Win32.ActiveCfg = Debug|Win32
		{22D8896E-1206-470A-A9D6-54FC4239C0E6}.Debug|x64.ActiveCfg = Debug|Win32
		{22D8896E-1206-470A-A9D6-54FC4239C0E6}.release_shared|Win32.ActiveCfg = Release|Win32
		{22D8896E-1206-470A-A9D6-54FC4239C0E6}.release_shared|Win32.Build.0 = Release|Win32
		{22D8896E-1206-470A-A9D6-54FC4239C0E6}.release_shared|x64.ActiveCfg = Release|Win32
		{22D8896E-1206-470A-A9D6-54FC4239C0E6}.release_static_md|Win32.ActiveCfg = Release|Win32
		{22D8896E-1206-470A-A9D6-54FC4239C0E6}.release_static_md|Win32.Build.0 = Release|Win32
		{22D8896E-1206-470A-A9D6-54FC4239C0E6}.release_static_md|x64.ActiveCfg = Release|Win32
		{22D8896E-1206-470A-A9D6-54FC4239C0E6}.release_static_mt|Win32.ActiveCfg = Release|Win32
		{22D8896E-1206-470A-A9D6-54FC4239C0E6}.release_static_mt|Win32.Build.0 = Release|Win32
		{22D8896E-1206-470A-A9D6-54FC4239C0E6}.release_static_mt|x64.ActiveCfg = Release|Win32
		{22D8896E-1206-470A-A9D6-54FC4239C0E6}.Release|Win32.ActiveCfg = Release|Win32
		{22D8896E-1206-470A-A9D6-54FC4239C0E6}.Release|Win32.Build.0 = Release|Win32
		{22D8896E-1206-470A-A9D6-54FC4239C0E6}.Release|x64.ActiveCfg = Release|Win32
		{C513C3B4-61F0-4C8E-8781-696108936122}.debug_shared|Win32.ActiveCfg = Debug|Win32
		{C513C3B4-61F0-4C8E-8781-696108936122}.debug_shared|Win32.Build.0 = Debug|Win32
		{C513C3B4-61F0-4C8E-8781-696108936122}.debug_shared|x64.ActiveCfg = Debug|Win32
		{C513C3B4-61F0-4C8E-8781-696108936122}.debug_static_md|Win32.ActiveCfg = Debug|Win32
		{C513C3B4-61F0-4C8E-8781-696108936122}.debug_static_md|Win32.Build.0 = Debug|Win32
		{C513C3B4-61F0-4C8E-8781-696108936122}.debug_static_md|x64.ActiveCfg = Debug|Win32
		{C513C3B4-61F0-4C8E-8781-696108936122}.debug_static_mt|Win32.ActiveCfg = Debug|Win32
		{C513C3B4-61F0-4C8E-8781-696108936122}.debug_static_mt|Win32.Build.0 = Debug|Win32
		{C513C3B4-61F0-4C8E-8781-696108936122}.debug_static_mt|x64.ActiveCfg = Debug|Win32
		{C513C3B4-61F0-4C8E-8781-696108936122}.Debug|Win32.ActiveCfg = Debug|Win32
		{C513C3B4-61F0-4C8E-8781-696108936122}.Debug|x64.ActiveCfg = Debug|Win32
		{C513C3B4-61F0-4C8E-8781-696108936122}.release_shared|Win32.ActiveCfg = Release|Win32
		{C513C3B4-61F0-4C8E-8781-696108936122}.release_shared|Win32.Build.0 = Release|Win32
		{C513C3B4-61F0-4C8E-8781-696108936122}.release_shared|x64.ActiveCfg = Release|Win32
		{C513C3B4-61F0-4C8E-8781-696108936122}.release_static_md|Win32.ActiveCfg = Release|Win32
		{C513C3B4-61F0-4C8E-8781-696108936122}.release_static_md|Win32.Build.0 = Release|Win32
		{C513C3B4-61F0-4C8E-8781-696108936122}.release_static_md|x64.ActiveCfg = Release|Win32
		{C513C3B4-61F0-4C8E-8781-696108936122}.release_static_mt|Win32.ActiveCfg = Release|Win32
		{C513C3B4-61F0-4C8E-8781-696108936122}.release_static_mt|Win32.Build.0 = Release|Win32
		{C513C3B4-61F0-4C8E-8781-696108936122}.release_static_mt|x64.ActiveCfg = Release|Win32
		{C513C3B4-61F0-4C8E-8781-696108936122}.Release|Win32.ActiveCfg = Release|Win32
		{C513C3B4-61F0-4C8E-8781-696108936122}.Release|Win32.Build.0 = Release|Win32
		{C513C3B4-61F0-4C8E-8781-696108936122}.Release|x64.ActiveCfg = Release|Win32
		{D5EFBF27-B934-4B8D-8AE5-6EC00374819C}.debug_shared|Win32.ActiveCfg = debug_shared|Win32
		{D5EFBF27-B934-4B8D-8AE5-6EC00374819C}.debug_shared|Win32.Build.0 = debug_shared|Win32
		{D5EFBF27-B934-4B8D-8AE5-6EC00374819C}.debug_shared|x64.ActiveCfg = debug_shared|Win32
		{D5EFBF27-B934-4B8D-8AE5-6EC00374819C}.debug_static_md|Win32.ActiveCfg = debug_static_md|Win32
		{D5EFBF27-B934-4B8D-8AE5-6EC00374819C}.debug_static_md|Win32.Build.0 = debug_static_md|Win32
		{D5EFBF27-B934-4B8D-8AE5-6EC00374819C}.debug_static_md|x64.ActiveCfg = debug_static_md|Win32
		{D5EFBF27-B934-4B8D-8AE5-6EC00374819C}.debug_static_mt|Win32.ActiveCfg = debug_static_mt|Win32
		{D5EFBF27-B934-4B8D-8AE5-6EC00374819C}.debug_static_mt|Win32.Build.0 = debug_static_mt|Win32
		{D5EFBF27-B934-4B8D-8AE5-6EC00374819C}.debug_static_mt|x64.ActiveCfg = debug_static_mt|Win32
		{D5EFBF27-B934-4B8D-8AE5-6EC00374819C}.Debug|Win32.ActiveCfg = debug_shared|Win32
		{D5EFBF27-B934-4B8D-8AE5-6EC00374819C}.Debug|Win32.Build.0 = debug_shared|Win32
		{D5EFBF27-B934-4B8D-8AE5-6EC00374819C}.Debug|x64.ActiveCfg = debug_shared|Win32
		{D5EFBF27-B934-4B8D-8AE5-6EC00374819C}.release_shared|Win32.ActiveCfg = release_shared|Win32
		{D5EFBF27-B934-4B8D-8AE5-6EC00374819C}.release_shared|Win32.Build.0 = release_shared|Win32
		{D5EFBF27-B934-4B8D-8AE5-6EC00374819C}.release_shared|x64.ActiveCfg = release_shared|Win32
		{D5EFBF27-B934-4B8D-8AE5-6EC00374819C}.release_static_md|Win32.ActiveCfg = release_static_md|Win32
		{D5EFBF27-B934-4B8D-8AE5-6EC00374819C}.release_static_md|Win32.Build.0 = release_static_md|Win32
		{D5EFBF27-B934-4B8D-8AE5-6EC00374819C}.release_static_md|x64.ActiveCfg = release_static_md|Win32
		{D5EFBF27-B934-4B8D-8AE5-6EC00374819C}.release_static_mt|Win32.ActiveCfg = release_static_mt|Win32
		{D5EFBF27-B934-4B8D-8AE5-6EC00374819C}.release_static_mt|Win32.Build.0 = release_static_mt|Win32
		{D5EFBF27-B934-4B8D-8AE5-6EC00374819C}.release_static_mt|x64.ActiveCfg = release_static_mt|Win32
		{D5EFBF27-B934-4B8D-8AE5-6EC00374819C}.Release|Win32.ActiveCfg = release_shared|Win32
		{D5EFBF27-B934-4B8D-8AE5-6EC00374819C}.Release|Win32.Build.0 = release_shared|Win32
		{D5EFBF27-B934-4B8D-8AE5-6EC00374819C}.Release|x64.ActiveCfg = release_shared|Win32
	EndGlobalSection
	GlobalSection(SolutionProperties) = preSolution
		HideSolutionNode = FALSE
	EndGlobalSection
EndGlobal
