<?xml version="1.0" encoding="utf-8"?>
<Project ToolsVersion="4.0" xmlns="http://schemas.microsoft.com/developer/msbuild/2003">
  <ItemGroup>
    <Filter Include="Source Files">
      <UniqueIdentifier>{64fe96b0-8bee-45a4-b12b-23c06ed8853a}</UniqueIdentifier>
      <Extensions>cpp;c;cxx;rc;def;r;odl;idl;hpj;bat</Extensions>
    </Filter>
    <Filter Include="Header Files">
      <UniqueIdentifier>{6072f135-1fe1-468d-bba3-519406534282}</UniqueIdentifier>
      <Extensions>h;hpp;hxx;hm;inl</Extensions>
    </Filter>
    <Filter Include="Resource Files">
      <UniqueIdentifier>{061e18c0-2a13-4ea7-b987-1e542851a08b}</UniqueIdentifier>
      <Extensions>ico;cur;bmp;dlg;rc2;rct;bin;rgs;gif;jpg;jpeg;jpe</Extensions>
    </Filter>
  </ItemGroup>
  <ItemGroup>
    <ClCompile Include="CardReader.cpp">
      <Filter>Source Files</Filter>
    </ClCompile>
    <ClCompile Include="ClrButton.cpp">
      <Filter>Source Files</Filter>
    </ClCompile>
    <ClCompile Include="Dib.cpp">
      <Filter>Source Files</Filter>
    </ClCompile>
    <ClCompile Include="FaceAttendServer.cpp">
      <Filter>Source Files</Filter>
    </ClCompile>
    <ClCompile Include="FaceAttendServerDlg.cpp">
      <Filter>Source Files</Filter>
    </ClCompile>
    <ClCompile Include="ijl15\IjlLib.cpp">
      <Filter>Source Files</Filter>
    </ClCompile>
    <ClCompile Include="LogBrowseDlg.cpp">
      <Filter>Source Files</Filter>
    </ClCompile>
    <ClCompile Include="Public.cpp">
      <Filter>Source Files</Filter>
    </ClCompile>
    <ClCompile Include="StdAfx.cpp">
      <Filter>Source Files</Filter>
    </ClCompile>
    <ClCompile Include="StuffManageDlg.cpp">
      <Filter>Source Files</Filter>
    </ClCompile>
  </ItemGroup>
  <ItemGroup>
    <ResourceCompile Include="FaceAttendServer.rc">
      <Filter>Source Files</Filter>
    </ResourceCompile>
  </ItemGroup>
  <ItemGroup>
    <ClInclude Include="CardReader.h">
      <Filter>Header Files</Filter>
    </ClInclude>
    <ClInclude Include="ClrButton.h">
      <Filter>Header Files</Filter>
    </ClInclude>
    <ClInclude Include="Dib.h">
      <Filter>Header Files</Filter>
    </ClInclude>
    <ClInclude Include="FaceAttendServer.h">
      <Filter>Header Files</Filter>
    </ClInclude>
    <ClInclude Include="FaceAttendServerDlg.h">
      <Filter>Header Files</Filter>
    </ClInclude>
    <ClInclude Include="ijl15\IjlLib.h">
      <Filter>Header Files</Filter>
    </ClInclude>
    <ClInclude Include="LogBrowseDlg.h">
      <Filter>Header Files</Filter>
    </ClInclude>
    <ClInclude Include="Public.h">
      <Filter>Header Files</Filter>
    </ClInclude>
    <ClInclude Include="Resource.h">
      <Filter>Header Files</Filter>
    </ClInclude>
    <ClInclude Include="StdAfx.h">
      <Filter>Header Files</Filter>
    </ClInclude>
    <ClInclude Include="StuffManageDlg.h">
      <Filter>Header Files</Filter>
    </ClInclude>
  </ItemGroup>
  <ItemGroup>
    <Image Include="res\bitmap1.bmp">
      <Filter>Resource Files</Filter>
    </Image>
    <Image Include="res\bitmap2.bmp">
      <Filter>Resource Files</Filter>
    </Image>
    <Image Include="res\bmp00001.bmp">
      <Filter>Resource Files</Filter>
    </Image>
    <Image Include="res\bmp00002.bmp">
      <Filter>Resource Files</Filter>
    </Image>
    <Image Include="res\FaceAttendServer.ico">
      <Filter>Resource Files</Filter>
    </Image>
    <Image Include="res\flag.bmp">
      <Filter>Resource Files</Filter>
    </Image>
    <Image Include="res\GUI.bmp">
      <Filter>Resource Files</Filter>
    </Image>
    <Image Include="res\GUI1.bmp">
      <Filter>Resource Files</Filter>
    </Image>
    <Image Include="res\mlogo.bmp">
      <Filter>Resource Files</Filter>
    </Image>
    <Image Include="res\mlogo.ico">
      <Filter>Resource Files</Filter>
    </Image>
    <Image Include="res\person32.bmp">
      <Filter>Resource Files</Filter>
    </Image>
    <Image Include="res\person_s.bmp">
      <Filter>Resource Files</Filter>
    </Image>
    <Image Include="res\sorry.bmp">
      <Filter>Resource Files</Filter>
    </Image>
    <Image Include="res\VANODAlogo.bmp">
      <Filter>Resource Files</Filter>
    </Image>
  </ItemGroup>
  <ItemGroup>
    <None Include="res\FaceAttendServer.rc2">
      <Filter>Resource Files</Filter>
    </None>
  </ItemGroup>
  <ItemGroup>
    <Text Include="ReadMe.txt" />
  </ItemGroup>
</Project>