<?xml version="1.0" encoding="utf-8"?>
<Project ToolsVersion="4.0" xmlns="http://schemas.microsoft.com/developer/msbuild/2003">
  <ItemGroup>
    <ClCompile Include="App.cpp">
      <Filter>源文件</Filter>
    </ClCompile>
    <ClCompile Include="BitMapCompare.cpp">
      <Filter>源文件</Filter>
    </ClCompile>
    <ClCompile Include="Camera.cpp">
      <Filter>源文件</Filter>
    </ClCompile>
    <ClCompile Include="DatabaseException.cpp">
      <Filter>源文件</Filter>
    </ClCompile>
    <ClCompile Include="MainWnd.cpp">
      <Filter>源文件</Filter>
    </ClCompile>
    <ClCompile Include="MatchUI.cpp">
      <Filter>源文件</Filter>
    </ClCompile>
    <ClCompile Include="MonitoringUI.cpp">
      <Filter>源文件</Filter>
    </ClCompile>
    <ClCompile Include="QMFileSqlite.cpp">
      <Filter>源文件</Filter>
    </ClCompile>
    <ClCompile Include="Recorder.cpp">
      <Filter>源文件</Filter>
    </ClCompile>
    <ClCompile Include="RegisterInfo.cpp">
      <Filter>源文件</Filter>
    </ClCompile>
    <ClCompile Include="RegisterUI.cpp">
      <Filter>源文件</Filter>
    </ClCompile>
    <ClCompile Include="SettingUI.cpp">
      <Filter>源文件</Filter>
    </ClCompile>
    <ClCompile Include="stdafx.cpp">
      <Filter>源文件</Filter>
    </ClCompile>
    <ClCompile Include="InitDevice.cpp" />
    <ClCompile Include="Picture.cpp">
      <Filter>源文件</Filter>
    </ClCompile>
    <ClCompile Include="CaptureNotification.cpp">
      <Filter>源文件</Filter>
    </ClCompile>
    <ClCompile Include="CaptureNotify.cpp">
      <Filter>源文件</Filter>
    </ClCompile>
    <ClCompile Include="SignOutUI.cpp">
      <Filter>源文件</Filter>
    </ClCompile>
    <ClCompile Include="FaceImage.cpp" />
    <ClCompile Include="FacePosition.cpp" />
    <ClCompile Include="FaceFeature.cpp" />
    <ClCompile Include="FaceMatch.cpp" />
    <ClCompile Include="ActivityDispatcher.cpp" />
    <ClCompile Include="Util.cpp" />
  </ItemGroup>
  <ItemGroup>
    <ClInclude Include="BitMapCompare.h">
      <Filter>头文件</Filter>
    </ClInclude>
    <ClInclude Include="Camera.h">
      <Filter>头文件</Filter>
    </ClInclude>
    <ClInclude Include="DatabaseException.h">
      <Filter>头文件</Filter>
    </ClInclude>
    <ClInclude Include="MainWnd.h">
      <Filter>头文件</Filter>
    </ClInclude>
    <ClInclude Include="MatchUI.h">
      <Filter>头文件</Filter>
    </ClInclude>
    <ClInclude Include="Recorder.h">
      <Filter>头文件</Filter>
    </ClInclude>
    <ClInclude Include="RegisterInfo.h">
      <Filter>头文件</Filter>
    </ClInclude>
    <ClInclude Include="RegisterUI.h">
      <Filter>头文件</Filter>
    </ClInclude>
    <ClInclude Include="Resource.h">
      <Filter>头文件</Filter>
    </ClInclude>
    <ClInclude Include="SettingUI.h">
      <Filter>头文件</Filter>
    </ClInclude>
    <ClInclude Include="stdafx.h">
      <Filter>头文件</Filter>
    </ClInclude>
    <ClInclude Include="MonitoringUI.h">
      <Filter>头文件</Filter>
    </ClInclude>
    <ClInclude Include="QMFileSqlite.h">
      <Filter>头文件</Filter>
    </ClInclude>
    <ClInclude Include="InitDevice.h" />
    <ClInclude Include="Picture.h">
      <Filter>头文件</Filter>
    </ClInclude>
    <ClInclude Include="CaptureNotification.h">
      <Filter>头文件</Filter>
    </ClInclude>
    <ClInclude Include="CaptureNotify.h">
      <Filter>头文件</Filter>
    </ClInclude>
    <ClInclude Include="SignOutUI.h">
      <Filter>头文件</Filter>
    </ClInclude>
    <ClInclude Include="LangueConfig.h">
      <Filter>头文件</Filter>
    </ClInclude>
    <ClInclude Include="FaceImage.h" />
    <ClInclude Include="FacePosition.h" />
    <ClInclude Include="FaceFeature.h" />
    <ClInclude Include="FaceMatch.h" />
    <ClInclude Include="ActivityDispatcher.h" />
    <ClInclude Include="Util.h" />
  </ItemGroup>
  <ItemGroup>
    <ResourceCompile Include="ConsoleApplication1.rc" />
  </ItemGroup>
  <ItemGroup>
    <Image Include="ConsoleApplication1.ico" />
    <Image Include="small.ico" />
  </ItemGroup>
  <ItemGroup>
    <Text Include="ReadMe.txt" />
  </ItemGroup>
  <ItemGroup>
    <Filter Include="源文件">
      <UniqueIdentifier>{44a6662f-2889-4059-bed9-4dfa4cd14ced}</UniqueIdentifier>
    </Filter>
    <Filter Include="头文件">
      <UniqueIdentifier>{fe15a7fe-9d8c-47dd-853e-b8744d46496b}</UniqueIdentifier>
    </Filter>
  </ItemGroup>
</Project>